{
  "name": "d1-pages-repro",
  "version": "1.0.0",
  "lockfileVersion": 2,
  "requires": true,
  "packages": {
    "": {
      "name": "d1-pages-repro",
      "version": "1.0.0",
      "license": "ISC",
      "dependencies": {
        "@cloudflare/d1": "^1.4.1"
      }
    },
    "node_modules/@cloudflare/d1": {
      "version": "1.4.1",
      "resolved": "https://registry-gateway.cloudflare-ui.workers.dev/archives/@cloudflare/d1/-/d1-1.4.1.tgz",
      "integrity": "sha512-czIBkVoZG7csWK0GVpWXqvnfM2Uv91AqdhwXeTPd1zpdQ+x/or492tD1ybVe679868bGMsHRqtHxp+5rwHXRaA==",
      "license": "ISC"
    }
  },
  "dependencies": {
    "@cloudflare/d1": {
      "version": "1.4.1",
      "resolved": "https://registry-gateway.cloudflare-ui.workers.dev/archives/@cloudflare/d1/-/d1-1.4.1.tgz",
      "integrity": "sha512-czIBkVoZG7csWK0GVpWXqvnfM2Uv91AqdhwXeTPd1zpdQ+x/or492tD1ybVe679868bGMsHRqtHxp+5rwHXRaA=="
    }
  }
}
